# THIS IS AN AUTOGENERATED FILE. DO NOT EDIT THIS FILE DIRECTLY.
# yarn lockfile v1


"@wagmi/core@^2.13.1":
  version "2.13.1"
  resolved "https://registry.yarnpkg.com/@wagmi/core/-/core-2.13.1.tgz#d9cf910775eca0e1aeb6fe9ad787264ee32632f3"
  integrity sha512-6ZdgI6dYfpa+IZPU0DZ3XQEQVzs003tKCERzSUNkxmt5cwSMg0XB1kvF5vU9MuPP96K6IcGkqSwAtgCmM5uy2w==
  dependencies:
    eventemitter3 "5.0.1"
    mipd "0.0.7"
    zustand "4.4.1"

eventemitter3@5.0.1:
  version "5.0.1"
  resolved "https://registry.yarnpkg.com/eventemitter3/-/eventemitter3-5.0.1.tgz#53f5ffd0a492ac800721bb42c66b841de96423c4"
  integrity sha512-GWkBvjiSZK87ELrYOSESUYeVIc9mvLLf/nXalMOS5dYrgZq9o5OVkbZAVM06CVxYsCwH9BDZFPlQTlPA1j4ahA==

mipd@0.0.7:
  version "0.0.7"
  resolved "https://registry.yarnpkg.com/mipd/-/mipd-0.0.7.tgz#bb5559e21fa18dc3d9fe1c08902ef14b7ce32fd9"
  integrity sha512-aAPZPNDQ3uMTdKbuO2YmAw2TxLHO0moa4YKAyETM/DTj5FloZo+a+8tU+iv4GmW+sOxKLSRwcSFuczk+Cpt6fg==

use-sync-external-store@1.2.0:
  version "1.2.0"
  resolved "https://registry.yarnpkg.com/use-sync-external-store/-/use-sync-external-store-1.2.0.tgz#7dbefd6ef3fe4e767a0cf5d7287aacfb5846928a"
  integrity sha512-eEgnFxGQ1Ife9bzYs6VLi8/4X6CObHMw9Qr9tPY43iKwsPw8xE8+EFsf/2cFZ5S3esXgpWgtSCtLNS41F+sKPA==

zustand@4.4.1:
  version "4.4.1"
  resolved "https://registry.yarnpkg.com/zustand/-/zustand-4.4.1.tgz#0cd3a3e4756f21811bd956418fdc686877e8b3b0"
  integrity sha512-QCPfstAS4EBiTQzlaGP1gmorkh/UL1Leaj2tdj+zZCZ/9bm0WS7sI2wnfD5lpOszFqWJ1DcPnGoY8RDL61uokw==
  dependencies:
    use-sync-external-store "1.2.0"
